{
    "name": "ocen-lsp-server",
    "version": "1.0.0",
    "lockfileVersion": 3,
    "requires": true,
    "packages": {
        "": {
            "name": "ocen-lsp-server",
            "version": "1.0.0",
            "license": "MIT",
            "dependencies": {
                "@types/vscode": "^1.67.0",
                "tmp": "^0.2.1",
                "vscode-languageserver": "^8.0.1",
                "vscode-languageserver-textdocument": "^1.0.4"
            },
            "devDependencies": {
                "@types/tmp": "^0.2.3"
            },
            "engines": {
                "node": "*"
            }
        },
        "node_modules/@types/tmp": {
            "version": "0.2.6",
            "resolved": "https://registry.npmjs.org/@types/tmp/-/tmp-0.2.6.tgz",
            "integrity": "sha512-chhaNf2oKHlRkDGt+tiKE2Z5aJ6qalm7Z9rlLdBwmOiAAf09YQvvoLXjWK4HWPF1xU/fqvMgfNfpVoBscA/tKA==",
            "dev": true,
            "license": "MIT"
        },
        "node_modules/@types/vscode": {
            "version": "1.97.0",
            "resolved": "https://registry.npmjs.org/@types/vscode/-/vscode-1.97.0.tgz",
            "integrity": "sha512-ueE73loeOTe7olaVyqP9mrRI54kVPJifUPjblZo9fYcv1CuVLPOEKEkqW0GkqPC454+nCEoigLWnC2Pp7prZ9w==",
            "license": "MIT"
        },
        "node_modules/tmp": {
            "version": "0.2.3",
            "resolved": "https://registry.npmjs.org/tmp/-/tmp-0.2.3.tgz",
            "integrity": "sha512-nZD7m9iCPC5g0pYmcaxogYKggSfLsdxl8of3Q/oIbqCqLLIO9IAF0GWjX1z9NZRHPiXv8Wex4yDCaZsgEw0Y8w==",
            "license": "MIT",
            "engines": {
                "node": ">=14.14"
            }
        },
        "node_modules/vscode-jsonrpc": {
            "version": "8.1.0",
            "resolved": "https://registry.npmjs.org/vscode-jsonrpc/-/vscode-jsonrpc-8.1.0.tgz",
            "integrity": "sha512-6TDy/abTQk+zDGYazgbIPc+4JoXdwC8NHU9Pbn4UJP1fehUyZmM4RHp5IthX7A6L5KS30PRui+j+tbbMMMafdw==",
            "license": "MIT",
            "engines": {
                "node": ">=14.0.0"
            }
        },
        "node_modules/vscode-languageserver": {
            "version": "8.1.0",
            "resolved": "https://registry.npmjs.org/vscode-languageserver/-/vscode-languageserver-8.1.0.tgz",
            "integrity": "sha512-eUt8f1z2N2IEUDBsKaNapkz7jl5QpskN2Y0G01T/ItMxBxw1fJwvtySGB9QMecatne8jFIWJGWI61dWjyTLQsw==",
            "license": "MIT",
            "dependencies": {
                "vscode-languageserver-protocol": "3.17.3"
            },
            "bin": {
                "installServerIntoExtension": "bin/installServerIntoExtension"
            }
        },
        "node_modules/vscode-languageserver-protocol": {
            "version": "3.17.3",
            "resolved": "https://registry.npmjs.org/vscode-languageserver-protocol/-/vscode-languageserver-protocol-3.17.3.tgz",
            "integrity": "sha512-924/h0AqsMtA5yK22GgMtCYiMdCOtWTSGgUOkgEDX+wk2b0x4sAfLiO4NxBxqbiVtz7K7/1/RgVrVI0NClZwqA==",
            "license": "MIT",
            "dependencies": {
                "vscode-jsonrpc": "8.1.0",
                "vscode-languageserver-types": "3.17.3"
            }
        },
        "node_modules/vscode-languageserver-textdocument": {
            "version": "1.0.12",
            "resolved": "https://registry.npmjs.org/vscode-languageserver-textdocument/-/vscode-languageserver-textdocument-1.0.12.tgz",
            "integrity": "sha512-cxWNPesCnQCcMPeenjKKsOCKQZ/L6Tv19DTRIGuLWe32lyzWhihGVJ/rcckZXJxfdKCFvRLS3fpBIsV/ZGX4zA==",
            "license": "MIT"
        },
        "node_modules/vscode-languageserver-types": {
            "version": "3.17.3",
            "resolved": "https://registry.npmjs.org/vscode-languageserver-types/-/vscode-languageserver-types-3.17.3.tgz",
            "integrity": "sha512-SYU4z1dL0PyIMd4Vj8YOqFvHu7Hz/enbWtpfnVbJHU4Nd1YNYx8u0ennumc6h48GQNeOLxmwySmnADouT/AuZA==",
            "license": "MIT"
        }
    }
}
